
Microsoft Visual Studio Solution File, Format Version 12.00
# Visual Studio Version 17
VisualStudioVersion = 17.12.35527.113 d17.12
MinimumVisualStudioVersion = 10.0.40219.1
Project("{FAE04EC0-301F-11D3-BF4B-00C04F79EFBC}") = "TestMauiAndroidIcon", "TestMauiAndroidIcon\TestMauiAndroidIcon.csproj", "{83E10A00-6B65-48CB-A42C-A391FD6AFFBA}"
EndProject
Global
	GlobalSection(SolutionConfigurationPlatforms) = preSolution
		Debug|Any CPU = Debug|Any CPU
		Release|Any CPU = Release|Any CPU
	EndGlobalSection
	GlobalSection(ProjectConfigurationPlatforms) = postSolution
		{83E10A00-6B65-48CB-A42C-A391FD6AFFBA}.Debug|Any CPU.ActiveCfg = Debug|Any CPU
		{83E10A00-6B65-48CB-A42C-A391FD6AFFBA}.Debug|Any CPU.Build.0 = Debug|Any CPU
		{83E10A00-6B65-48CB-A42C-A391FD6AFFBA}.Release|Any CPU.ActiveCfg = Release|Any CPU
		{83E10A00-6B65-48CB-A42C-A391FD6AFFBA}.Release|Any CPU.Build.0 = Release|Any CPU
	EndGlobalSection
	GlobalSection(SolutionProperties) = preSolution
		HideSolutionNode = FALSE
	EndGlobalSection
EndGlobal
